
Microsoft Visual Studio Solution File, Format Version 12.00
# Visual Studio 15
VisualStudioVersion = 15.0.27004.2006
MinimumVisualStudioVersion = 10.0.40219.1
Project("{FAE04EC0-301F-11D3-BF4B-00C04F79EFBC}") = "Two Thread Demonstrator", "Two Thread Demonstrator\Two Thread Demonstrator.csproj", "{935D4BF0-2C68-4BC5-A225-560DC871584C}"
EndProject
Global
	GlobalSection(SolutionConfigurationPlatforms) = preSolution
		Debug|Any CPU = Debug|Any CPU
		Release|Any CPU = Release|Any CPU
	EndGlobalSection
	GlobalSection(ProjectConfigurationPlatforms) = postSolution
		{935D4BF0-2C68-4BC5-A225-560DC871584C}.Debug|Any CPU.ActiveCfg = Debug|Any CPU
		{935D4BF0-2C68-4BC5-A225-560DC871584C}.Debug|Any CPU.Build.0 = Debug|Any CPU
		{935D4BF0-2C68-4BC5-A225-560DC871584C}.Release|Any CPU.ActiveCfg = Release|Any CPU
		{935D4BF0-2C68-4BC5-A225-560DC871584C}.Release|Any CPU.Build.0 = Release|Any CPU
	EndGlobalSection
	GlobalSection(SolutionProperties) = preSolution
		HideSolutionNode = FALSE
	EndGlobalSection
	GlobalSection(ExtensibilityGlobals) = postSolution
		SolutionGuid = {CEDFE9F4-16DB-4522-80DB-E5C3AEEC9B86}
	EndGlobalSection
EndGlobal
